
Microsoft Visual Studio Solution File, Format Version 12.00
# Visual Studio Version 17
VisualStudioVersion = 17.8.34330.188
MinimumVisualStudioVersion = 10.0.40219.1
Project("{9A19103F-16F7-4668-BE54-9A1E7A4F7556}") = "UserAuthentication", "UserAuthentication\UserAuthentication.csproj", "{A987DF94-3685-471F-A1E0-A25E76DD6611}"
EndProject
Global
	GlobalSection(SolutionConfigurationPlatforms) = preSolution
		Debug|Any CPU = Debug|Any CPU
		Release|Any CPU = Release|Any CPU
	EndGlobalSection
	GlobalSection(ProjectConfigurationPlatforms) = postSolution
		{A987DF94-3685-471F-A1E0-A25E76DD6611}.Debug|Any CPU.ActiveCfg = Debug|Any CPU
		{A987DF94-3685-471F-A1E0-A25E76DD6611}.Debug|Any CPU.Build.0 = Debug|Any CPU
		{A987DF94-3685-471F-A1E0-A25E76DD6611}.Release|Any CPU.ActiveCfg = Release|Any CPU
		{A987DF94-3685-471F-A1E0-A25E76DD6611}.Release|Any CPU.Build.0 = Release|Any CPU
	EndGlobalSection
	GlobalSection(SolutionProperties) = preSolution
		HideSolutionNode = FALSE
	EndGlobalSection
	GlobalSection(ExtensibilityGlobals) = postSolution
		SolutionGuid = {FB50215F-BE9A-4A82-BB05-B19E54B4D07C}
	EndGlobalSection
EndGlobal
